
Microsoft Visual Studio Solution File, Format Version 12.00
# Visual Studio Version 17
VisualStudioVersion = 17.5.2.0
MinimumVisualStudioVersion = 10.0.40219.1
Project("{FAE04EC0-301F-11D3-BF4B-00C04F79EFBC}") = "Horus", "src\Horus.csproj", "{78620747-6931-025D-0D99-E2B3A858BF25}"
EndProject
Global
	GlobalSection(SolutionConfigurationPlatforms) = preSolution
		Debug|Any CPU = Debug|Any CPU
		Release|Any CPU = Release|Any CPU
	EndGlobalSection
	GlobalSection(ProjectConfigurationPlatforms) = postSolution
		{78620747-6931-025D-0D99-E2B3A858BF25}.Debug|Any CPU.ActiveCfg = Debug|Any CPU
		{78620747-6931-025D-0D99-E2B3A858BF25}.Debug|Any CPU.Build.0 = Debug|Any CPU
		{78620747-6931-025D-0D99-E2B3A858BF25}.Release|Any CPU.ActiveCfg = Release|Any CPU
		{78620747-6931-025D-0D99-E2B3A858BF25}.Release|Any CPU.Build.0 = Release|Any CPU
	EndGlobalSection
	GlobalSection(SolutionProperties) = preSolution
		HideSolutionNode = FALSE
	EndGlobalSection
	GlobalSection(ExtensibilityGlobals) = postSolution
		SolutionGuid = {D45D7DC5-A377-4CCC-AFED-26967175AD71}
	EndGlobalSection
EndGlobal
